
Microsoft Visual Studio Solution File, Format Version 12.00
# Visual Studio 15
VisualStudioVersion = 15.0.34526.175
MinimumVisualStudioVersion = 10.0.40219.1
Project("{FAE04EC0-301F-11D3-BF4B-00C04F79EFBC}") = "WebApplication2", "WebApplication2\WebApplication2.csproj", "{1B9D23FD-DD97-4078-9944-C6F0A5ADBC0A}"
EndProject
Global
	GlobalSection(SolutionConfigurationPlatforms) = preSolution
		Debug|Any CPU = Debug|Any CPU
		Release|Any CPU = Release|Any CPU
	EndGlobalSection
	GlobalSection(ProjectConfigurationPlatforms) = postSolution
		{1B9D23FD-DD97-4078-9944-C6F0A5ADBC0A}.Debug|Any CPU.ActiveCfg = Debug|Any CPU
		{1B9D23FD-DD97-4078-9944-C6F0A5ADBC0A}.Debug|Any CPU.Build.0 = Debug|Any CPU
		{1B9D23FD-DD97-4078-9944-C6F0A5ADBC0A}.Release|Any CPU.ActiveCfg = Release|Any CPU
		{1B9D23FD-DD97-4078-9944-C6F0A5ADBC0A}.Release|Any CPU.Build.0 = Release|Any CPU
	EndGlobalSection
	GlobalSection(SolutionProperties) = preSolution
		HideSolutionNode = FALSE
	EndGlobalSection
	GlobalSection(ExtensibilityGlobals) = postSolution
		SolutionGuid = {A7F548DC-6179-4FF8-BC08-FACF41C57C69}
	EndGlobalSection
EndGlobal
